// !$*UTF8*$!
{
	archiveVersion = 1;
	classes = {
	};
	objectVersion = 46;
	objects = {

/* Begin PBXBuildFile section */
		4F2565A41A8F222300CF78B4 /* AppDelegate.swift in Sources */ = {isa = PBXBuildFile; fileRef = 4F2565A31A8F222300CF78B4 /* AppDelegate.swift */; };
		4F2565A61A8F222300CF78B4 /* LoginViewController.swift in Sources */ = {isa = PBXBuildFile; fileRef = 4F2565A51A8F222300CF78B4 /* LoginViewController.swift */; };
		4F2565A81A8F222300CF78B4 /* MyCourseViewController.swift in Sources */ = {isa = PBXBuildFile; fileRef = 4F2565A71A8F222300CF78B4 /* MyCourseViewController.swift */; };
		4F2565AB1A8F222300CF78B4 /* Main.storyboard in Resources */ = {isa = PBXBuildFile; fileRef = 4F2565A91A8F222300CF78B4 /* Main.storyboard */; };
		4F2565AD1A8F222300CF78B4 /* Images.xcassets in Resources */ = {isa = PBXBuildFile; fileRef = 4F2565AC1A8F222300CF78B4 /* Images.xcassets */; };
		4F2565B01A8F222300CF78B4 /* LaunchScreen.xib in Resources */ = {isa = PBXBuildFile; fileRef = 4F2565AE1A8F222300CF78B4 /* LaunchScreen.xib */; };
		4F2565BC1A8F222300CF78B4 /* WebRegistrationTests.swift in Sources */ = {isa = PBXBuildFile; fileRef = 4F2565BB1A8F222300CF78B4 /* WebRegistrationTests.swift */; };
		4F2DEDD31A9444A2004DDF43 /* CourseDetailCell.swift in Sources */ = {isa = PBXBuildFile; fileRef = 4F2DEDD21A9444A2004DDF43 /* CourseDetailCell.swift */; };
		4F2FE9F91A8FDA4400EC5524 /* CalendarViewController.swift in Sources */ = {isa = PBXBuildFile; fileRef = 4F2FE9F81A8FDA4400EC5524 /* CalendarViewController.swift */; };
		4F2FE9FF1A8FDD7D00EC5524 /* RegistrationTableViewController.swift in Sources */ = {isa = PBXBuildFile; fileRef = 4F2FE9FE1A8FDD7D00EC5524 /* RegistrationTableViewController.swift */; };
		4F2FEA011A8FDDA300EC5524 /* SettingsTableViewController.swift in Sources */ = {isa = PBXBuildFile; fileRef = 4F2FEA001A8FDDA300EC5524 /* SettingsTableViewController.swift */; };
		4F2FEA031A8FE38600EC5524 /* MajorListTableViewController.swift in Sources */ = {isa = PBXBuildFile; fileRef = 4F2FEA021A8FE38600EC5524 /* MajorListTableViewController.swift */; };
		4F2FEA051A8FE4EB00EC5524 /* CourseListTableViewController.swift in Sources */ = {isa = PBXBuildFile; fileRef = 4F2FEA041A8FE4EB00EC5524 /* CourseListTableViewController.swift */; };
		4F66C4641A967A3D0087FCCB /* DataAccess.swift in Sources */ = {isa = PBXBuildFile; fileRef = 4F66C4631A967A3D0087FCCB /* DataAccess.swift */; };
		4F66C4661A9680D30087FCCB /* registeredCourses.txt in Resources */ = {isa = PBXBuildFile; fileRef = 4F66C4651A9680D30087FCCB /* registeredCourses.txt */; };
		4F66C4681A968C040087FCCB /* courseBin.txt in Resources */ = {isa = PBXBuildFile; fileRef = 4F66C4671A968C040087FCCB /* courseBin.txt */; };
		4F7CD4FB1A92A56800E3886C /* DropCourseTableViewController.swift in Sources */ = {isa = PBXBuildFile; fileRef = 4F7CD4FA1A92A56800E3886C /* DropCourseTableViewController.swift */; };
		4F7CD4FD1A92CE3600E3886C /* CourseTitleCell.swift in Sources */ = {isa = PBXBuildFile; fileRef = 4F7CD4FC1A92CE3600E3886C /* CourseTitleCell.swift */; };
		4F7CD4FF1A92ECEC00E3886C /* RegisterCourseTableViewController.swift in Sources */ = {isa = PBXBuildFile; fileRef = 4F7CD4FE1A92ECEC00E3886C /* RegisterCourseTableViewController.swift */; };
		4F86F4871A97102D00C1D457 /* UIColorExtension.swift in Sources */ = {isa = PBXBuildFile; fileRef = 4F86F4861A97102D00C1D457 /* UIColorExtension.swift */; };
		843959301A9FD70C00ECBE1A /* TabBarController.swift in Sources */ = {isa = PBXBuildFile; fileRef = 8439592F1A9FD70C00ECBE1A /* TabBarController.swift */; };
		844E36CC1A969AF8007898C1 /* section.txt in Resources */ = {isa = PBXBuildFile; fileRef = 844E36CB1A969AF8007898C1 /* section.txt */; };
		847FFA141A98380800BD6E4A /* SemesterTableViewController.swift in Sources */ = {isa = PBXBuildFile; fileRef = 847FFA131A98380800BD6E4A /* SemesterTableViewController.swift */; };
		848991A71A93B8A4005BFA42 /* Term.swift in Sources */ = {isa = PBXBuildFile; fileRef = 848991A61A93B8A4005BFA42 /* Term.swift */; };
		848991A91A93CE5B005BFA42 /* schools.txt in Resources */ = {isa = PBXBuildFile; fileRef = 848991A81A93CE5B005BFA42 /* schools.txt */; };
		848991AB1A93CEB3005BFA42 /* departments.txt in Resources */ = {isa = PBXBuildFile; fileRef = 848991AA1A93CEB3005BFA42 /* departments.txt */; };
		848991AD1A93CF03005BFA42 /* terms.txt in Resources */ = {isa = PBXBuildFile; fileRef = 848991AC1A93CF03005BFA42 /* terms.txt */; };
		848991AF1A93D0AE005BFA42 /* Section.swift in Sources */ = {isa = PBXBuildFile; fileRef = 848991AE1A93D0AE005BFA42 /* Section.swift */; };
		848991B31A93F272005BFA42 /* courses.txt in Resources */ = {isa = PBXBuildFile; fileRef = 848991B21A93F272005BFA42 /* courses.txt */; };
		848991B51A93F293005BFA42 /* sections.txt in Resources */ = {isa = PBXBuildFile; fileRef = 848991B41A93F293005BFA42 /* sections.txt */; };
		84E4AFED1A932AEC00F54434 /* SwiftyJSON.swift in Sources */ = {isa = PBXBuildFile; fileRef = 84E4AFEC1A932AEC00F54434 /* SwiftyJSON.swift */; };
		84E4AFF31A932B5300F54434 /* Course.swift in Sources */ = {isa = PBXBuildFile; fileRef = 84E4AFEF1A932B5300F54434 /* Course.swift */; };
		84E4AFF41A932B5300F54434 /* Department.swift in Sources */ = {isa = PBXBuildFile; fileRef = 84E4AFF01A932B5300F54434 /* Department.swift */; };
		84E4AFF51A932B5300F54434 /* School.swift in Sources */ = {isa = PBXBuildFile; fileRef = 84E4AFF11A932B5300F54434 /* School.swift */; };
		91473D4C1A98643E00D2B396 /* ScheduleViewCell.swift in Sources */ = {isa = PBXBuildFile; fileRef = 91473D481A98643E00D2B396 /* ScheduleViewCell.swift */; };
		919B17ED1A995755002C2D76 /* ScheduleTableViewController.swift in Sources */ = {isa = PBXBuildFile; fileRef = 919B17EB1A995755002C2D76 /* ScheduleTableViewController.swift */; };
		EB3039CD1A9ABF80004DC258 /* Constants.swift in Sources */ = {isa = PBXBuildFile; fileRef = EB3039CC1A9ABF80004DC258 /* Constants.swift */; };
		EB3039CF1A9ABFB3004DC258 /* Profile.swift in Sources */ = {isa = PBXBuildFile; fileRef = EB3039CE1A9ABFB3004DC258 /* Profile.swift */; };
		EB3523B71A9994BF00833391 /* trojan.png in Resources */ = {isa = PBXBuildFile; fileRef = EB3523B61A9994BF00833391 /* trojan.png */; };
		EB9FF34E1A93EEB000E465B6 /* CourseDetailViewController.swift in Sources */ = {isa = PBXBuildFile; fileRef = EB9FF34D1A93EEB000E465B6 /* CourseDetailViewController.swift */; };
		EBEC74CF1A96FF9800DE3548 /* add.png in Resources */ = {isa = PBXBuildFile; fileRef = EBEC74CE1A96FF9800DE3548 /* add.png */; };
		EBEC74D11A97002D00DE3548 /* SectionDetailCell.swift in Sources */ = {isa = PBXBuildFile; fileRef = EBEC74D01A97002D00DE3548 /* SectionDetailCell.swift */; };
		EBEC74D31A97004400DE3548 /* CourseDetailHeaderCell.swift in Sources */ = {isa = PBXBuildFile; fileRef = EBEC74D21A97004400DE3548 /* CourseDetailHeaderCell.swift */; };
/* End PBXBuildFile section */

/* Begin PBXContainerItemProxy section */
		4F2565B61A8F222300CF78B4 /* PBXContainerItemProxy */ = {
			isa = PBXContainerItemProxy;
			containerPortal = 4F2565961A8F222300CF78B4 /* Project object */;
			proxyType = 1;
			remoteGlobalIDString = 4F25659D1A8F222300CF78B4;
			remoteInfo = WebRegistration;
		};
/* End PBXContainerItemProxy section */

/* Begin PBXFileReference section */
		4F25659E1A8F222300CF78B4 /* WebRegistration.app */ = {isa = PBXFileReference; explicitFileType = wrapper.application; includeInIndex = 0; path = WebRegistration.app; sourceTree = BUILT_PRODUCTS_DIR; };
		4F2565A21A8F222300CF78B4 /* Info.plist */ = {isa = PBXFileReference; lastKnownFileType = text.plist.xml; path = Info.plist; sourceTree = "<group>"; };
		4F2565A31A8F222300CF78B4 /* AppDelegate.swift */ = {isa = PBXFileReference; lastKnownFileType = sourcecode.swift; path = AppDelegate.swift; sourceTree = "<group>"; };
		4F2565A51A8F222300CF78B4 /* LoginViewController.swift */ = {isa = PBXFileReference; lastKnownFileType = sourcecode.swift; path = LoginViewController.swift; sourceTree = "<group>"; };
		4F2565A71A8F222300CF78B4 /* MyCourseViewController.swift */ = {isa = PBXFileReference; lastKnownFileType = sourcecode.swift; path = MyCourseViewController.swift; sourceTree = "<group>"; };
		4F2565AA1A8F222300CF78B4 /* Base */ = {isa = PBXFileReference; lastKnownFileType = file.storyboard; name = Base; path = Base.lproj/Main.storyboard; sourceTree = "<group>"; };
		4F2565AC1A8F222300CF78B4 /* Images.xcassets */ = {isa = PBXFileReference; lastKnownFileType = folder.assetcatalog; path = Images.xcassets; sourceTree = "<group>"; };
		4F2565AF1A8F222300CF78B4 /* Base */ = {isa = PBXFileReference; lastKnownFileType = file.xib; name = Base; path = Base.lproj/LaunchScreen.xib; sourceTree = "<group>"; };
		4F2565B51A8F222300CF78B4 /* WebRegistrationTests.xctest */ = {isa = PBXFileReference; explicitFileType = wrapper.cfbundle; includeInIndex = 0; path = WebRegistrationTests.xctest; sourceTree = BUILT_PRODUCTS_DIR; };
		4F2565BA1A8F222300CF78B4 /* Info.plist */ = {isa = PBXFileReference; lastKnownFileType = text.plist.xml; path = Info.plist; sourceTree = "<group>"; };
		4F2565BB1A8F222300CF78B4 /* WebRegistrationTests.swift */ = {isa = PBXFileReference; lastKnownFileType = sourcecode.swift; path = WebRegistrationTests.swift; sourceTree = "<group>"; };
		4F2DEDD21A9444A2004DDF43 /* CourseDetailCell.swift */ = {isa = PBXFileReference; fileEncoding = 4; lastKnownFileType = sourcecode.swift; path = CourseDetailCell.swift; sourceTree = "<group>"; };
		4F2FE9F81A8FDA4400EC5524 /* CalendarViewController.swift */ = {isa = PBXFileReference; fileEncoding = 4; lastKnownFileType = sourcecode.swift; path = CalendarViewController.swift; sourceTree = "<group>"; };
		4F2FE9FE1A8FDD7D00EC5524 /* RegistrationTableViewController.swift */ = {isa = PBXFileReference; fileEncoding = 4; lastKnownFileType = sourcecode.swift; path = RegistrationTableViewController.swift; sourceTree = "<group>"; };
		4F2FEA001A8FDDA300EC5524 /* SettingsTableViewController.swift */ = {isa = PBXFileReference; fileEncoding = 4; lastKnownFileType = sourcecode.swift; path = SettingsTableViewController.swift; sourceTree = "<group>"; };
		4F2FEA021A8FE38600EC5524 /* MajorListTableViewController.swift */ = {isa = PBXFileReference; fileEncoding = 4; lastKnownFileType = sourcecode.swift; path = MajorListTableViewController.swift; sourceTree = "<group>"; };
		4F2FEA041A8FE4EB00EC5524 /* CourseListTableViewController.swift */ = {isa = PBXFileReference; fileEncoding = 4; lastKnownFileType = sourcecode.swift; path = CourseListTableViewController.swift; sourceTree = "<group>"; };
		4F66C4631A967A3D0087FCCB /* DataAccess.swift */ = {isa = PBXFileReference; fileEncoding = 4; lastKnownFileType = sourcecode.swift; path = DataAccess.swift; sourceTree = "<group>"; };
		4F66C4651A9680D30087FCCB /* registeredCourses.txt */ = {isa = PBXFileReference; fileEncoding = 4; lastKnownFileType = text; path = registeredCourses.txt; sourceTree = "<group>"; };
		4F66C4671A968C040087FCCB /* courseBin.txt */ = {isa = PBXFileReference; fileEncoding = 4; lastKnownFileType = text; path = courseBin.txt; sourceTree = "<group>"; };
		4F7CD4FA1A92A56800E3886C /* DropCourseTableViewController.swift */ = {isa = PBXFileReference; fileEncoding = 4; lastKnownFileType = sourcecode.swift; path = DropCourseTableViewController.swift; sourceTree = "<group>"; };
		4F7CD4FC1A92CE3600E3886C /* CourseTitleCell.swift */ = {isa = PBXFileReference; fileEncoding = 4; lastKnownFileType = sourcecode.swift; path = CourseTitleCell.swift; sourceTree = "<group>"; };
		4F7CD4FE1A92ECEC00E3886C /* RegisterCourseTableViewController.swift */ = {isa = PBXFileReference; fileEncoding = 4; lastKnownFileType = sourcecode.swift; path = RegisterCourseTableViewController.swift; sourceTree = "<group>"; };
		4F86F4861A97102D00C1D457 /* UIColorExtension.swift */ = {isa = PBXFileReference; fileEncoding = 4; lastKnownFileType = sourcecode.swift; path = UIColorExtension.swift; sourceTree = "<group>"; };
		8439592F1A9FD70C00ECBE1A /* TabBarController.swift */ = {isa = PBXFileReference; fileEncoding = 4; lastKnownFileType = sourcecode.swift; path = TabBarController.swift; sourceTree = "<group>"; };
		844E36CB1A969AF8007898C1 /* section.txt */ = {isa = PBXFileReference; fileEncoding = 4; lastKnownFileType = text; path = section.txt; sourceTree = "<group>"; };
		847FFA131A98380800BD6E4A /* SemesterTableViewController.swift */ = {isa = PBXFileReference; fileEncoding = 4; lastKnownFileType = sourcecode.swift; path = SemesterTableViewController.swift; sourceTree = "<group>"; };
		848991A61A93B8A4005BFA42 /* Term.swift */ = {isa = PBXFileReference; fileEncoding = 4; lastKnownFileType = sourcecode.swift; path = Term.swift; sourceTree = "<group>"; };
		848991A81A93CE5B005BFA42 /* schools.txt */ = {isa = PBXFileReference; fileEncoding = 4; lastKnownFileType = text; path = schools.txt; sourceTree = "<group>"; };
		848991AA1A93CEB3005BFA42 /* departments.txt */ = {isa = PBXFileReference; fileEncoding = 4; lastKnownFileType = text; path = departments.txt; sourceTree = "<group>"; };
		848991AC1A93CF03005BFA42 /* terms.txt */ = {isa = PBXFileReference; fileEncoding = 4; lastKnownFileType = text; path = terms.txt; sourceTree = "<group>"; };
		848991AE1A93D0AE005BFA42 /* Section.swift */ = {isa = PBXFileReference; fileEncoding = 4; lastKnownFileType = sourcecode.swift; path = Section.swift; sourceTree = "<group>"; };
		848991B21A93F272005BFA42 /* courses.txt */ = {isa = PBXFileReference; fileEncoding = 4; lastKnownFileType = text; path = courses.txt; sourceTree = "<group>"; };
		848991B41A93F293005BFA42 /* sections.txt */ = {isa = PBXFileReference; fileEncoding = 4; lastKnownFileType = text; path = sections.txt; sourceTree = "<group>"; };
		84E4AFEC1A932AEC00F54434 /* SwiftyJSON.swift */ = {isa = PBXFileReference; fileEncoding = 4; lastKnownFileType = sourcecode.swift; name = SwiftyJSON.swift; path = ../../SwiftyJSON/Source/SwiftyJSON.swift; sourceTree = "<group>"; };
		84E4AFEF1A932B5300F54434 /* Course.swift */ = {isa = PBXFileReference; fileEncoding = 4; lastKnownFileType = sourcecode.swift; path = Course.swift; sourceTree = "<group>"; };
		84E4AFF01A932B5300F54434 /* Department.swift */ = {isa = PBXFileReference; fileEncoding = 4; lastKnownFileType = sourcecode.swift; path = Department.swift; sourceTree = "<group>"; };
		84E4AFF11A932B5300F54434 /* School.swift */ = {isa = PBXFileReference; fileEncoding = 4; lastKnownFileType = sourcecode.swift; path = School.swift; sourceTree = "<group>"; };
		91473D481A98643E00D2B396 /* ScheduleViewCell.swift */ = {isa = PBXFileReference; fileEncoding = 4; lastKnownFileType = sourcecode.swift; path = ScheduleViewCell.swift; sourceTree = "<group>"; };
		919B17EB1A995755002C2D76 /* ScheduleTableViewController.swift */ = {isa = PBXFileReference; fileEncoding = 4; lastKnownFileType = sourcecode.swift; path = ScheduleTableViewController.swift; sourceTree = "<group>"; };
		EB3039CC1A9ABF80004DC258 /* Constants.swift */ = {isa = PBXFileReference; fileEncoding = 4; lastKnownFileType = sourcecode.swift; path = Constants.swift; sourceTree = "<group>"; };
		EB3039CE1A9ABFB3004DC258 /* Profile.swift */ = {isa = PBXFileReference; fileEncoding = 4; lastKnownFileType = sourcecode.swift; path = Profile.swift; sourceTree = "<group>"; };
		EB3523B61A9994BF00833391 /* trojan.png */ = {isa = PBXFileReference; lastKnownFileType = image.png; path = trojan.png; sourceTree = "<group>"; };
		EB9FF34D1A93EEB000E465B6 /* CourseDetailViewController.swift */ = {isa = PBXFileReference; fileEncoding = 4; lastKnownFileType = sourcecode.swift; path = CourseDetailViewController.swift; sourceTree = "<group>"; };
		EBEC74CE1A96FF9800DE3548 /* add.png */ = {isa = PBXFileReference; lastKnownFileType = image.png; path = add.png; sourceTree = "<group>"; };
		EBEC74D01A97002D00DE3548 /* SectionDetailCell.swift */ = {isa = PBXFileReference; fileEncoding = 4; lastKnownFileType = sourcecode.swift; path = SectionDetailCell.swift; sourceTree = "<group>"; };
		EBEC74D21A97004400DE3548 /* CourseDetailHeaderCell.swift */ = {isa = PBXFileReference; fileEncoding = 4; lastKnownFileType = sourcecode.swift; path = CourseDetailHeaderCell.swift; sourceTree = "<group>"; };
/* End PBXFileReference section */

/* Begin PBXFrameworksBuildPhase section */
		4F25659B1A8F222300CF78B4 /* Frameworks */ = {
			isa = PBXFrameworksBuildPhase;
			buildActionMask = 2147483647;
			files = (
			);
			runOnlyForDeploymentPostprocessing = 0;
		};
		4F2565B21A8F222300CF78B4 /* Frameworks */ = {
			isa = PBXFrameworksBuildPhase;
			buildActionMask = 2147483647;
			files = (
			);
			runOnlyForDeploymentPostprocessing = 0;
		};
/* End PBXFrameworksBuildPhase section */

/* Begin PBXGroup section */
		4F2565951A8F222300CF78B4 = {
			isa = PBXGroup;
			children = (
				4F2565A01A8F222300CF78B4 /* WebRegistration */,
				4F2565B81A8F222300CF78B4 /* WebRegistrationTests */,
				4F25659F1A8F222300CF78B4 /* Products */,
			);
			sourceTree = "<group>";
		};
		4F25659F1A8F222300CF78B4 /* Products */ = {
			isa = PBXGroup;
			children = (
				4F25659E1A8F222300CF78B4 /* WebRegistration.app */,
				4F2565B51A8F222300CF78B4 /* WebRegistrationTests.xctest */,
			);
			name = Products;
			sourceTree = "<group>";
		};
		4F2565A01A8F222300CF78B4 /* WebRegistration */ = {
			isa = PBXGroup;
			children = (
				4F2DEDD51A944E0E004DDF43 /* ViewController */,
				4F2DEDD61A944E5C004DDF43 /* TableViewCell */,
				4F2DEDD71A944F64004DDF43 /* Util */,
				84E4AFEE1A932B2F00F54434 /* DataClass */,
				4F2565A31A8F222300CF78B4 /* AppDelegate.swift */,
				4F2565A91A8F222300CF78B4 /* Main.storyboard */,
				4F2565AC1A8F222300CF78B4 /* Images.xcassets */,
				4F2565AE1A8F222300CF78B4 /* LaunchScreen.xib */,
				4F7CD5021A92F34700E3886C /* img */,
				4F2565A11A8F222300CF78B4 /* Supporting Files */,
			);
			path = WebRegistration;
			sourceTree = "<group>";
		};
		4F2565A11A8F222300CF78B4 /* Supporting Files */ = {
			isa = PBXGroup;
			children = (
				4F2565A21A8F222300CF78B4 /* Info.plist */,
			);
			name = "Supporting Files";
			sourceTree = "<group>";
		};
		4F2565B81A8F222300CF78B4 /* WebRegistrationTests */ = {
			isa = PBXGroup;
			children = (
				4F2565BB1A8F222300CF78B4 /* WebRegistrationTests.swift */,
				4F2565B91A8F222300CF78B4 /* Supporting Files */,
			);
			path = WebRegistrationTests;
			sourceTree = "<group>";
		};
		4F2565B91A8F222300CF78B4 /* Supporting Files */ = {
			isa = PBXGroup;
			children = (
				4F2565BA1A8F222300CF78B4 /* Info.plist */,
			);
			name = "Supporting Files";
			sourceTree = "<group>";
		};
		4F2DEDD51A944E0E004DDF43 /* ViewController */ = {
			isa = PBXGroup;
			children = (
				4F2565A51A8F222300CF78B4 /* LoginViewController.swift */,
				4F2565A71A8F222300CF78B4 /* MyCourseViewController.swift */,
				4F2FE9F81A8FDA4400EC5524 /* CalendarViewController.swift */,
				8439592F1A9FD70C00ECBE1A /* TabBarController.swift */,
				4F2FEA001A8FDDA300EC5524 /* SettingsTableViewController.swift */,
				4F2FEA021A8FE38600EC5524 /* MajorListTableViewController.swift */,
				4F2FEA041A8FE4EB00EC5524 /* CourseListTableViewController.swift */,
				4F7CD4FA1A92A56800E3886C /* DropCourseTableViewController.swift */,
				4F7CD4FE1A92ECEC00E3886C /* RegisterCourseTableViewController.swift */,
				4F2FE9FE1A8FDD7D00EC5524 /* RegistrationTableViewController.swift */,
				EB9FF34D1A93EEB000E465B6 /* CourseDetailViewController.swift */,
				847FFA131A98380800BD6E4A /* SemesterTableViewController.swift */,
				919B17EB1A995755002C2D76 /* ScheduleTableViewController.swift */,
			);
			name = ViewController;
			sourceTree = "<group>";
		};
		4F2DEDD61A944E5C004DDF43 /* TableViewCell */ = {
			isa = PBXGroup;
			children = (
				4F7CD4FC1A92CE3600E3886C /* CourseTitleCell.swift */,
				4F2DEDD21A9444A2004DDF43 /* CourseDetailCell.swift */,
				EBEC74D01A97002D00DE3548 /* SectionDetailCell.swift */,
				EBEC74D21A97004400DE3548 /* CourseDetailHeaderCell.swift */,
				91473D481A98643E00D2B396 /* ScheduleViewCell.swift */,
			);
			name = TableViewCell;
			sourceTree = "<group>";
		};
		4F2DEDD71A944F64004DDF43 /* Util */ = {
			isa = PBXGroup;
			children = (
				EB3039CC1A9ABF80004DC258 /* Constants.swift */,
				84E4AFEC1A932AEC00F54434 /* SwiftyJSON.swift */,
				4F86F4861A97102D00C1D457 /* UIColorExtension.swift */,
			);
			name = Util;
			sourceTree = "<group>";
		};
		4F7CD5021A92F34700E3886C /* img */ = {
			isa = PBXGroup;
			children = (
				EB3523B61A9994BF00833391 /* trojan.png */,
				EBEC74CE1A96FF9800DE3548 /* add.png */,
			);
			name = img;
			sourceTree = "<group>";
		};
		84E4AFEE1A932B2F00F54434 /* DataClass */ = {
			isa = PBXGroup;
			children = (
				EB3039CE1A9ABFB3004DC258 /* Profile.swift */,
				4F66C4671A968C040087FCCB /* courseBin.txt */,
				4F66C4651A9680D30087FCCB /* registeredCourses.txt */,
				848991B21A93F272005BFA42 /* courses.txt */,
				848991A81A93CE5B005BFA42 /* schools.txt */,
				848991AA1A93CEB3005BFA42 /* departments.txt */,
				848991AC1A93CF03005BFA42 /* terms.txt */,
				84E4AFEF1A932B5300F54434 /* Course.swift */,
				848991AE1A93D0AE005BFA42 /* Section.swift */,
				848991A61A93B8A4005BFA42 /* Term.swift */,
				84E4AFF01A932B5300F54434 /* Department.swift */,
				84E4AFF11A932B5300F54434 /* School.swift */,
				848991B41A93F293005BFA42 /* sections.txt */,
				844E36CB1A969AF8007898C1 /* section.txt */,
				4F66C4631A967A3D0087FCCB /* DataAccess.swift */,
			);
			name = DataClass;
			sourceTree = "<group>";
		};
/* End PBXGroup section */

/* Begin PBXNativeTarget section */
		4F25659D1A8F222300CF78B4 /* WebRegistration */ = {
			isa = PBXNativeTarget;
			buildConfigurationList = 4F2565BF1A8F222300CF78B4 /* Build configuration list for PBXNativeTarget "WebRegistration" */;
			buildPhases = (
				4F25659A1A8F222300CF78B4 /* Sources */,
				4F25659B1A8F222300CF78B4 /* Frameworks */,
				4F25659C1A8F222300CF78B4 /* Resources */,
			);
			buildRules = (
			);
			dependencies = (
			);
			name = WebRegistration;
			productName = WebRegistration;
			productReference = 4F25659E1A8F222300CF78B4 /* WebRegistration.app */;
			productType = "com.apple.product-type.application";
		};
		4F2565B41A8F222300CF78B4 /* WebRegistrationTests */ = {
			isa = PBXNativeTarget;
			buildConfigurationList = 4F2565C21A8F222300CF78B4 /* Build configuration list for PBXNativeTarget "WebRegistrationTests" */;
			buildPhases = (
				4F2565B11A8F222300CF78B4 /* Sources */,
				4F2565B21A8F222300CF78B4 /* Frameworks */,
				4F2565B31A8F222300CF78B4 /* Resources */,
			);
			buildRules = (
			);
			dependencies = (
				4F2565B71A8F222300CF78B4 /* PBXTargetDependency */,
			);
			name = WebRegistrationTests;
			productName = WebRegistrationTests;
			productReference = 4F2565B51A8F222300CF78B4 /* WebRegistrationTests.xctest */;
			productType = "com.apple.product-type.bundle.unit-test";
		};
/* End PBXNativeTarget section */

/* Begin PBXProject section */
		4F2565961A8F222300CF78B4 /* Project object */ = {
			isa = PBXProject;
			attributes = {
				LastUpgradeCheck = 0630;
				ORGANIZATIONNAME = "Guocheng Xie";
				TargetAttributes = {
					4F25659D1A8F222300CF78B4 = {
						CreatedOnToolsVersion = 6.3;
						DevelopmentTeam = E9YMP8TPKA;
					};
					4F2565B41A8F222300CF78B4 = {
						CreatedOnToolsVersion = 6.3;
						TestTargetID = 4F25659D1A8F222300CF78B4;
					};
				};
			};
			buildConfigurationList = 4F2565991A8F222300CF78B4 /* Build configuration list for PBXProject "WebRegistration" */;
			compatibilityVersion = "Xcode 3.2";
			developmentRegion = English;
			hasScannedForEncodings = 0;
			knownRegions = (
				en,
				Base,
			);
			mainGroup = 4F2565951A8F222300CF78B4;
			productRefGroup = 4F25659F1A8F222300CF78B4 /* Products */;
			projectDirPath = "";
			projectRoot = "";
			targets = (
				4F25659D1A8F222300CF78B4 /* WebRegistration */,
				4F2565B41A8F222300CF78B4 /* WebRegistrationTests */,
			);
		};
/* End PBXProject section */

/* Begin PBXResourcesBuildPhase section */
		4F25659C1A8F222300CF78B4 /* Resources */ = {
			isa = PBXResourcesBuildPhase;
			buildActionMask = 2147483647;
			files = (
				848991AD1A93CF03005BFA42 /* terms.txt in Resources */,
				4F2565AB1A8F222300CF78B4 /* Main.storyboard in Resources */,
				848991B51A93F293005BFA42 /* sections.txt in Resources */,
				EBEC74CF1A96FF9800DE3548 /* add.png in Resources */,
				848991AB1A93CEB3005BFA42 /* departments.txt in Resources */,
				4F2565B01A8F222300CF78B4 /* LaunchScreen.xib in Resources */,
				844E36CC1A969AF8007898C1 /* section.txt in Resources */,
				848991A91A93CE5B005BFA42 /* schools.txt in Resources */,
				848991B31A93F272005BFA42 /* courses.txt in Resources */,
				EB3523B71A9994BF00833391 /* trojan.png in Resources */,
				4F2565AD1A8F222300CF78B4 /* Images.xcassets in Resources */,
				4F66C4661A9680D30087FCCB /* registeredCourses.txt in Resources */,
				4F66C4681A968C040087FCCB /* courseBin.txt in Resources */,
			);
			runOnlyForDeploymentPostprocessing = 0;
		};
		4F2565B31A8F222300CF78B4 /* Resources */ = {
			isa = PBXResourcesBuildPhase;
			buildActionMask = 2147483647;
			files = (
			);
			runOnlyForDeploymentPostprocessing = 0;
		};
/* End PBXResourcesBuildPhase section */

/* Begin PBXSourcesBuildPhase section */
		4F25659A1A8F222300CF78B4 /* Sources */ = {
			isa = PBXSourcesBuildPhase;
			buildActionMask = 2147483647;
			files = (
				848991AF1A93D0AE005BFA42 /* Section.swift in Sources */,
				84E4AFF31A932B5300F54434 /* Course.swift in Sources */,
				EB9FF34E1A93EEB000E465B6 /* CourseDetailViewController.swift in Sources */,
				4F2565A81A8F222300CF78B4 /* MyCourseViewController.swift in Sources */,
				919B17ED1A995755002C2D76 /* ScheduleTableViewController.swift in Sources */,
				4F7CD4FB1A92A56800E3886C /* DropCourseTableViewController.swift in Sources */,
				4F2565A41A8F222300CF78B4 /* AppDelegate.swift in Sources */,
				84E4AFED1A932AEC00F54434 /* SwiftyJSON.swift in Sources */,
				84E4AFF41A932B5300F54434 /* Department.swift in Sources */,
				4F2FEA051A8FE4EB00EC5524 /* CourseListTableViewController.swift in Sources */,
				4F7CD4FF1A92ECEC00E3886C /* RegisterCourseTableViewController.swift in Sources */,
				4F7CD4FD1A92CE3600E3886C /* CourseTitleCell.swift in Sources */,
				EBEC74D11A97002D00DE3548 /* SectionDetailCell.swift in Sources */,
				4F2FEA011A8FDDA300EC5524 /* SettingsTableViewController.swift in Sources */,
				4F86F4871A97102D00C1D457 /* UIColorExtension.swift in Sources */,
				4F2565A61A8F222300CF78B4 /* LoginViewController.swift in Sources */,
				4F2FE9FF1A8FDD7D00EC5524 /* RegistrationTableViewController.swift in Sources */,
				EB3039CF1A9ABFB3004DC258 /* Profile.swift in Sources */,
				4F2DEDD31A9444A2004DDF43 /* CourseDetailCell.swift in Sources */,
				4F2FE9F91A8FDA4400EC5524 /* CalendarViewController.swift in Sources */,
				848991A71A93B8A4005BFA42 /* Term.swift in Sources */,
				84E4AFF51A932B5300F54434 /* School.swift in Sources */,
				4F2FEA031A8FE38600EC5524 /* MajorListTableViewController.swift in Sources */,
				843959301A9FD70C00ECBE1A /* TabBarController.swift in Sources */,
				91473D4C1A98643E00D2B396 /* ScheduleViewCell.swift in Sources */,
				EBEC74D31A97004400DE3548 /* CourseDetailHeaderCell.swift in Sources */,
				4F66C4641A967A3D0087FCCB /* DataAccess.swift in Sources */,
				847FFA141A98380800BD6E4A /* SemesterTableViewController.swift in Sources */,
				EB3039CD1A9ABF80004DC258 /* Constants.swift in Sources */,
			);
			runOnlyForDeploymentPostprocessing = 0;
		};
		4F2565B11A8F222300CF78B4 /* Sources */ = {
			isa = PBXSourcesBuildPhase;
			buildActionMask = 2147483647;
			files = (
				4F2565BC1A8F222300CF78B4 /* WebRegistrationTests.swift in Sources */,
			);
			runOnlyForDeploymentPostprocessing = 0;
		};
/* End PBXSourcesBuildPhase section */

/* Begin PBXTargetDependency section */
		4F2565B71A8F222300CF78B4 /* PBXTargetDependency */ = {
			isa = PBXTargetDependency;
			target = 4F25659D1A8F222300CF78B4 /* WebRegistration */;
			targetProxy = 4F2565B61A8F222300CF78B4 /* PBXContainerItemProxy */;
		};
/* End PBXTargetDependency section */

/* Begin PBXVariantGroup section */
		4F2565A91A8F222300CF78B4 /* Main.storyboard */ = {
			isa = PBXVariantGroup;
			children = (
				4F2565AA1A8F222300CF78B4 /* Base */,
			);
			name = Main.storyboard;
			sourceTree = "<group>";
		};
		4F2565AE1A8F222300CF78B4 /* LaunchScreen.xib */ = {
			isa = PBXVariantGroup;
			children = (
				4F2565AF1A8F222300CF78B4 /* Base */,
			);
			name = LaunchScreen.xib;
			sourceTree = "<group>";
		};
/* End PBXVariantGroup section */

/* Begin XCBuildConfiguration section */
		4F2565BD1A8F222300CF78B4 /* Debug */ = {
			isa = XCBuildConfiguration;
			buildSettings = {
				ALWAYS_SEARCH_USER_PATHS = NO;
				CLANG_CXX_LANGUAGE_STANDARD = "gnu++0x";
				CLANG_CXX_LIBRARY = "libc++";
				CLANG_ENABLE_MODULES = YES;
				CLANG_ENABLE_OBJC_ARC = YES;
				CLANG_WARN_BOOL_CONVERSION = YES;
				CLANG_WARN_CONSTANT_CONVERSION = YES;
				CLANG_WARN_DIRECT_OBJC_ISA_USAGE = YES_ERROR;
				CLANG_WARN_EMPTY_BODY = YES;
				CLANG_WARN_ENUM_CONVERSION = YES;
				CLANG_WARN_INT_CONVERSION = YES;
				CLANG_WARN_OBJC_ROOT_CLASS = YES_ERROR;
				CLANG_WARN_UNREACHABLE_CODE = YES;
				CLANG_WARN__DUPLICATE_METHOD_MATCH = YES;
				"CODE_SIGN_IDENTITY[sdk=iphoneos*]" = "iPhone Developer";
				COPY_PHASE_STRIP = NO;
				DEBUG_INFORMATION_FORMAT = dwarf;
				ENABLE_STRICT_OBJC_MSGSEND = YES;
				GCC_C_LANGUAGE_STANDARD = gnu99;
				GCC_DYNAMIC_NO_PIC = NO;
				GCC_OPTIMIZATION_LEVEL = 0;
				GCC_PREPROCESSOR_DEFINITIONS = (
					"DEBUG=1",
					"$(inherited)",
				);
				GCC_SYMBOLS_PRIVATE_EXTERN = NO;
				GCC_WARN_64_TO_32_BIT_CONVERSION = YES;
				GCC_WARN_ABOUT_RETURN_TYPE = YES_ERROR;
				GCC_WARN_UNDECLARED_SELECTOR = YES;
				GCC_WARN_UNINITIALIZED_AUTOS = YES_AGGRESSIVE;
				GCC_WARN_UNUSED_FUNCTION = YES;
				GCC_WARN_UNUSED_VARIABLE = YES;
				IPHONEOS_DEPLOYMENT_TARGET = 8.3;
				MTL_ENABLE_DEBUG_INFO = YES;
				ONLY_ACTIVE_ARCH = YES;
				SDKROOT = iphoneos;
				SWIFT_OPTIMIZATION_LEVEL = "-Onone";
			};
			name = Debug;
		};
		4F2565BE1A8F222300CF78B4 /* Release */ = {
			isa = XCBuildConfiguration;
			buildSettings = {
				ALWAYS_SEARCH_USER_PATHS = NO;
				CLANG_CXX_LANGUAGE_STANDARD = "gnu++0x";
				CLANG_CXX_LIBRARY = "libc++";
				CLANG_ENABLE_MODULES = YES;
				CLANG_ENABLE_OBJC_ARC = YES;
				CLANG_WARN_BOOL_CONVERSION = YES;
				CLANG_WARN_CONSTANT_CONVERSION = YES;
				CLANG_WARN_DIRECT_OBJC_ISA_USAGE = YES_ERROR;
				CLANG_WARN_EMPTY_BODY = YES;
				CLANG_WARN_ENUM_CONVERSION = YES;
				CLANG_WARN_INT_CONVERSION = YES;
				CLANG_WARN_OBJC_ROOT_CLASS = YES_ERROR;
				CLANG_WARN_UNREACHABLE_CODE = YES;
				CLANG_WARN__DUPLICATE_METHOD_MATCH = YES;
				"CODE_SIGN_IDENTITY[sdk=iphoneos*]" = "iPhone Developer";
				COPY_PHASE_STRIP = NO;
				DEBUG_INFORMATION_FORMAT = "dwarf-with-dsym";
				ENABLE_NS_ASSERTIONS = NO;
				ENABLE_STRICT_OBJC_MSGSEND = YES;
				GCC_C_LANGUAGE_STANDARD = gnu99;
				GCC_WARN_64_TO_32_BIT_CONVERSION = YES;
				GCC_WARN_ABOUT_RETURN_TYPE = YES_ERROR;
				GCC_WARN_UNDECLARED_SELECTOR = YES;
				GCC_WARN_UNINITIALIZED_AUTOS = YES_AGGRESSIVE;
				GCC_WARN_UNUSED_FUNCTION = YES;
				GCC_WARN_UNUSED_VARIABLE = YES;
				IPHONEOS_DEPLOYMENT_TARGET = 8.3;
				MTL_ENABLE_DEBUG_INFO = NO;
				SDKROOT = iphoneos;
				VALIDATE_PRODUCT = YES;
			};
			name = Release;
		};
		4F2565C01A8F222300CF78B4 /* Debug */ = {
			isa = XCBuildConfiguration;
			buildSettings = {
				ASSETCATALOG_COMPILER_APPICON_NAME = AppIcon;
				ASSETCATALOG_COMPILER_LAUNCHIMAGE_NAME = LaunchImage;
				CODE_SIGN_IDENTITY = "iPhone Developer";
				INFOPLIST_FILE = WebRegistration/Info.plist;
				IPHONEOS_DEPLOYMENT_TARGET = 8.1;
				LD_RUNPATH_SEARCH_PATHS = "$(inherited) @executable_path/Frameworks";
				PRODUCT_NAME = "$(TARGET_NAME)";
			};
			name = Debug;
		};
		4F2565C11A8F222300CF78B4 /* Release */ = {
			isa = XCBuildConfiguration;
			buildSettings = {
				ASSETCATALOG_COMPILER_APPICON_NAME = AppIcon;
				ASSETCATALOG_COMPILER_LAUNCHIMAGE_NAME = LaunchImage;
				CODE_SIGN_IDENTITY = "iPhone Developer";
				INFOPLIST_FILE = WebRegistration/Info.plist;
				IPHONEOS_DEPLOYMENT_TARGET = 8.1;
				LD_RUNPATH_SEARCH_PATHS = "$(inherited) @executable_path/Frameworks";
				PRODUCT_NAME = "$(TARGET_NAME)";
			};
			name = Release;
		};
		4F2565C31A8F222300CF78B4 /* Debug */ = {
			isa = XCBuildConfiguration;
			buildSettings = {
				BUNDLE_LOADER = "$(TEST_HOST)";
				FRAMEWORK_SEARCH_PATHS = (
					"$(SDKROOT)/Developer/Library/Frameworks",
					"$(inherited)",
				);
				GCC_PREPROCESSOR_DEFINITIONS = (
					"DEBUG=1",
					"$(inherited)",
				);
				INFOPLIST_FILE = WebRegistrationTests/Info.plist;
				LD_RUNPATH_SEARCH_PATHS = "$(inherited) @executable_path/Frameworks @loader_path/Frameworks";
				PRODUCT_NAME = "$(TARGET_NAME)";
				TEST_HOST = "$(BUILT_PRODUCTS_DIR)/WebRegistration.app/WebRegistration";
			};
			name = Debug;
		};
		4F2565C41A8F222300CF78B4 /* Release */ = {
			isa = XCBuildConfiguration;
			buildSettings = {
				BUNDLE_LOADER = "$(TEST_HOST)";
				FRAMEWORK_SEARCH_PATHS = (
					"$(SDKROOT)/Developer/Library/Frameworks",
					"$(inherited)",
				);
				INFOPLIST_FILE = WebRegistrationTests/Info.plist;
				LD_RUNPATH_SEARCH_PATHS = "$(inherited) @executable_path/Frameworks @loader_path/Frameworks";
				PRODUCT_NAME = "$(TARGET_NAME)";
				TEST_HOST = "$(BUILT_PRODUCTS_DIR)/WebRegistration.app/WebRegistration";
			};
			name = Release;
		};
/* End XCBuildConfiguration section */

/* Begin XCConfigurationList section */
		4F2565991A8F222300CF78B4 /* Build configuration list for PBXProject "WebRegistration" */ = {
			isa = XCConfigurationList;
			buildConfigurations = (
				4F2565BD1A8F222300CF78B4 /* Debug */,
				4F2565BE1A8F222300CF78B4 /* Release */,
			);
			defaultConfigurationIsVisible = 0;
			defaultConfigurationName = Release;
		};
		4F2565BF1A8F222300CF78B4 /* Build configuration list for PBXNativeTarget "WebRegistration" */ = {
			isa = XCConfigurationList;
			buildConfigurations = (
				4F2565C01A8F222300CF78B4 /* Debug */,
				4F2565C11A8F222300CF78B4 /* Release */,
			);
			defaultConfigurationIsVisible = 0;
			defaultConfigurationName = Release;
		};
		4F2565C21A8F222300CF78B4 /* Build configuration list for PBXNativeTarget "WebRegistrationTests" */ = {
			isa = XCConfigurationList;
			buildConfigurations = (
				4F2565C31A8F222300CF78B4 /* Debug */,
				4F2565C41A8F222300CF78B4 /* Release */,
			);
			defaultConfigurationIsVisible = 0;
			defaultConfigurationName = Release;
		};
/* End XCConfigurationList section */
	};
	rootObject = 4F2565961A8F222300CF78B4 /* Project object */;
}
